
Microsoft Visual Studio Solution File, Format Version 12.00
# Visual Studio Version 16
VisualStudioVersion = 16.0.31321.278
MinimumVisualStudioVersion = 10.0.40219.1
Project("{2150E333-8FDC-42A3-9474-1A3956D46DE8}") = "02_KClaims", "02_KClaims", "{32AC570C-C060-48AC-98F6-05782BE95398}"
EndProject
Project("{FAE04EC0-301F-11D3-BF4B-00C04F79EFBC}") = "02_Claims", "02_Claims\02_Claims.csproj", "{AFECE79C-3BDD-4D4F-BAC6-CBDAA62F6533}"
EndProject
Project("{FAE04EC0-301F-11D3-BF4B-00C04F79EFBC}") = "02_ClaimsTest", "02_ClaimsTest\02_ClaimsTest.csproj", "{C2BEA283-9E75-4F96-BAAA-11EBCFAB87D1}"
EndProject
Project("{FAE04EC0-301F-11D3-BF4B-00C04F79EFBC}") = "02_ClaimsUI", "02_ClaimsUI\02_ClaimsUI.csproj", "{6595EE1C-3B90-433C-BC1F-DAEA1A9A6BC2}"
EndProject
Project("{2150E333-8FDC-42A3-9474-1A3956D46DE8}") = "03_KBadges", "03_KBadges", "{12B56E9C-D357-40AD-B7FE-ABAF199A4570}"
EndProject
Project("{FAE04EC0-301F-11D3-BF4B-00C04F79EFBC}") = "03_Badges", "03_Badges\03_Badges.csproj", "{7B03AB5D-2BE2-4262-8815-DAC1B223A25C}"
EndProject
Project("{FAE04EC0-301F-11D3-BF4B-00C04F79EFBC}") = "03_BadgesTest", "03_BadgesTest\03_BadgesTest.csproj", "{F75F8A07-52BC-44FA-969A-F223C2C62270}"
EndProject
Project("{FAE04EC0-301F-11D3-BF4B-00C04F79EFBC}") = "03_BadgesUI", "03_BadgesUI\03_BadgesUI.csproj", "{3821EEEE-44A2-4BEB-8DE4-7E3C7B6D6236}"
EndProject
Project("{2150E333-8FDC-42A3-9474-1A3956D46DE8}") = "01_KCafe", "01_KCafe", "{57C932B6-4798-4719-9A07-F7F55168FBA9}"
EndProject
Project("{FAE04EC0-301F-11D3-BF4B-00C04F79EFBC}") = "01_Cafe", "01_Cafe\01_Cafe.csproj", "{9AD8A6C3-4D29-47B2-B72C-81622D2574CC}"
EndProject
Project("{FAE04EC0-301F-11D3-BF4B-00C04F79EFBC}") = "01_CafeTests", "01_CafeTests\01_CafeTests.csproj", "{7867092E-0E61-4328-BC92-1CD3A610ADB0}"
EndProject
Project("{FAE04EC0-301F-11D3-BF4B-00C04F79EFBC}") = "01_CafeUI", "01_CafeUI\01_CafeUI.csproj", "{3294CBAE-6B40-402E-BD5F-F97CFB95FC22}"
EndProject
Global
	GlobalSection(SolutionConfigurationPlatforms) = preSolution
		Debug|Any CPU = Debug|Any CPU
		Release|Any CPU = Release|Any CPU
	EndGlobalSection
	GlobalSection(ProjectConfigurationPlatforms) = postSolution
		{AFECE79C-3BDD-4D4F-BAC6-CBDAA62F6533}.Debug|Any CPU.ActiveCfg = Debug|Any CPU
		{AFECE79C-3BDD-4D4F-BAC6-CBDAA62F6533}.Debug|Any CPU.Build.0 = Debug|Any CPU
		{AFECE79C-3BDD-4D4F-BAC6-CBDAA62F6533}.Release|Any CPU.ActiveCfg = Release|Any CPU
		{AFECE79C-3BDD-4D4F-BAC6-CBDAA62F6533}.Release|Any CPU.Build.0 = Release|Any CPU
		{C2BEA283-9E75-4F96-BAAA-11EBCFAB87D1}.Debug|Any CPU.ActiveCfg = Debug|Any CPU
		{C2BEA283-9E75-4F96-BAAA-11EBCFAB87D1}.Debug|Any CPU.Build.0 = Debug|Any CPU
		{C2BEA283-9E75-4F96-BAAA-11EBCFAB87D1}.Release|Any CPU.ActiveCfg = Release|Any CPU
		{C2BEA283-9E75-4F96-BAAA-11EBCFAB87D1}.Release|Any CPU.Build.0 = Release|Any CPU
		{6595EE1C-3B90-433C-BC1F-DAEA1A9A6BC2}.Debug|Any CPU.ActiveCfg = Debug|Any CPU
		{6595EE1C-3B90-433C-BC1F-DAEA1A9A6BC2}.Debug|Any CPU.Build.0 = Debug|Any CPU
		{6595EE1C-3B90-433C-BC1F-DAEA1A9A6BC2}.Release|Any CPU.ActiveCfg = Release|Any CPU
		{6595EE1C-3B90-433C-BC1F-DAEA1A9A6BC2}.Release|Any CPU.Build.0 = Release|Any CPU
		{7B03AB5D-2BE2-4262-8815-DAC1B223A25C}.Debug|Any CPU.ActiveCfg = Debug|Any CPU
		{7B03AB5D-2BE2-4262-8815-DAC1B223A25C}.Debug|Any CPU.Build.0 = Debug|Any CPU
		{7B03AB5D-2BE2-4262-8815-DAC1B223A25C}.Release|Any CPU.ActiveCfg = Release|Any CPU
		{7B03AB5D-2BE2-4262-8815-DAC1B223A25C}.Release|Any CPU.Build.0 = Release|Any CPU
		{F75F8A07-52BC-44FA-969A-F223C2C62270}.Debug|Any CPU.ActiveCfg = Debug|Any CPU
		{F75F8A07-52BC-44FA-969A-F223C2C62270}.Debug|Any CPU.Build.0 = Debug|Any CPU
		{F75F8A07-52BC-44FA-969A-F223C2C62270}.Release|Any CPU.ActiveCfg = Release|Any CPU
		{F75F8A07-52BC-44FA-969A-F223C2C62270}.Release|Any CPU.Build.0 = Release|Any CPU
		{3821EEEE-44A2-4BEB-8DE4-7E3C7B6D6236}.Debug|Any CPU.ActiveCfg = Debug|Any CPU
		{3821EEEE-44A2-4BEB-8DE4-7E3C7B6D6236}.Debug|Any CPU.Build.0 = Debug|Any CPU
		{3821EEEE-44A2-4BEB-8DE4-7E3C7B6D6236}.Release|Any CPU.ActiveCfg = Release|Any CPU
		{3821EEEE-44A2-4BEB-8DE4-7E3C7B6D6236}.Release|Any CPU.Build.0 = Release|Any CPU
		{9AD8A6C3-4D29-47B2-B72C-81622D2574CC}.Debug|Any CPU.ActiveCfg = Debug|Any CPU
		{9AD8A6C3-4D29-47B2-B72C-81622D2574CC}.Debug|Any CPU.Build.0 = Debug|Any CPU
		{9AD8A6C3-4D29-47B2-B72C-81622D2574CC}.Release|Any CPU.ActiveCfg = Release|Any CPU
		{9AD8A6C3-4D29-47B2-B72C-81622D2574CC}.Release|Any CPU.Build.0 = Release|Any CPU
		{7867092E-0E61-4328-BC92-1CD3A610ADB0}.Debug|Any CPU.ActiveCfg = Debug|Any CPU
		{7867092E-0E61-4328-BC92-1CD3A610ADB0}.Debug|Any CPU.Build.0 = Debug|Any CPU
		{7867092E-0E61-4328-BC92-1CD3A610ADB0}.Release|Any CPU.ActiveCfg = Release|Any CPU
		{7867092E-0E61-4328-BC92-1CD3A610ADB0}.Release|Any CPU.Build.0 = Release|Any CPU
		{3294CBAE-6B40-402E-BD5F-F97CFB95FC22}.Debug|Any CPU.ActiveCfg = Debug|Any CPU
		{3294CBAE-6B40-402E-BD5F-F97CFB95FC22}.Debug|Any CPU.Build.0 = Debug|Any CPU
		{3294CBAE-6B40-402E-BD5F-F97CFB95FC22}.Release|Any CPU.ActiveCfg = Release|Any CPU
		{3294CBAE-6B40-402E-BD5F-F97CFB95FC22}.Release|Any CPU.Build.0 = Release|Any CPU
	EndGlobalSection
	GlobalSection(SolutionProperties) = preSolution
		HideSolutionNode = FALSE
	EndGlobalSection
	GlobalSection(NestedProjects) = preSolution
		{AFECE79C-3BDD-4D4F-BAC6-CBDAA62F6533} = {32AC570C-C060-48AC-98F6-05782BE95398}
		{C2BEA283-9E75-4F96-BAAA-11EBCFAB87D1} = {32AC570C-C060-48AC-98F6-05782BE95398}
		{6595EE1C-3B90-433C-BC1F-DAEA1A9A6BC2} = {32AC570C-C060-48AC-98F6-05782BE95398}
		{7B03AB5D-2BE2-4262-8815-DAC1B223A25C} = {12B56E9C-D357-40AD-B7FE-ABAF199A4570}
		{F75F8A07-52BC-44FA-969A-F223C2C62270} = {12B56E9C-D357-40AD-B7FE-ABAF199A4570}
		{3821EEEE-44A2-4BEB-8DE4-7E3C7B6D6236} = {12B56E9C-D357-40AD-B7FE-ABAF199A4570}
		{9AD8A6C3-4D29-47B2-B72C-81622D2574CC} = {57C932B6-4798-4719-9A07-F7F55168FBA9}
		{7867092E-0E61-4328-BC92-1CD3A610ADB0} = {57C932B6-4798-4719-9A07-F7F55168FBA9}
		{3294CBAE-6B40-402E-BD5F-F97CFB95FC22} = {57C932B6-4798-4719-9A07-F7F55168FBA9}
	EndGlobalSection
	GlobalSection(ExtensibilityGlobals) = postSolution
		SolutionGuid = {FA808371-D93C-4E2B-A231-1A6B4663B1E9}
	EndGlobalSection
EndGlobal
